
Microsoft Visual Studio Solution File, Format Version 12.00
# Visual Studio Version 16
VisualStudioVersion = 16.0.31019.35
MinimumVisualStudioVersion = 10.0.40219.1
Project("{2150E333-8FDC-42A3-9474-1A3956D46DE8}") = "src", "src", "{0DC1055F-E3F6-4489-A2CF-C8A79CEB0A77}"
EndProject
Project("{2150E333-8FDC-42A3-9474-1A3956D46DE8}") = "1.Common", "1.Common", "{3051462F-46F9-4597-A6E1-DC89853ECCDD}"
EndProject
Project("{2150E333-8FDC-42A3-9474-1A3956D46DE8}") = "2.WebCore", "2.WebCore", "{F6B320CB-76C8-4668-97D6-FD3078528B42}"
EndProject
Project("{2150E333-8FDC-42A3-9474-1A3956D46DE8}") = "3.DbAccess", "3.DbAccess", "{D5ECDFD3-5FBF-46AC-80F9-D3AFF0BB2C9B}"
EndProject
Project("{2150E333-8FDC-42A3-9474-1A3956D46DE8}") = "4.Component", "4.Component", "{429CE456-BD06-400B-A002-992FABC96F6C}"
EndProject
Project("{2150E333-8FDC-42A3-9474-1A3956D46DE8}") = "5.Model", "5.Model", "{51F0DCD1-2245-497A-979B-62DBB0638E89}"
EndProject
Project("{2150E333-8FDC-42A3-9474-1A3956D46DE8}") = "6.Business", "6.Business", "{7F73EF55-C2D7-41D0-9C15-EFC4221C1809}"
EndProject
Project("{2150E333-8FDC-42A3-9474-1A3956D46DE8}") = "7.WebHost", "7.WebHost", "{7E67186B-3831-4B0B-94C3-B53A0F2F9A8A}"
EndProject
Project("{2150E333-8FDC-42A3-9474-1A3956D46DE8}") = "tests", "tests", "{27408EB5-468E-4CC0-B5BF-8FAE3A5A25FA}"
EndProject
Project("{9A19103F-16F7-4668-BE54-9A1E7A4F7556}") = "FW.Common", "src\FW.Common\FW.Common.csproj", "{9D16B1E8-D225-47DC-9A73-08922D981D7C}"
EndProject
Project("{9A19103F-16F7-4668-BE54-9A1E7A4F7556}") = "FW.Entities", "src\FW.Entities\FW.Entities.csproj", "{8111C2F6-B446-4F47-9EF4-EFABF9A9404B}"
EndProject
Project("{9A19103F-16F7-4668-BE54-9A1E7A4F7556}") = "FW.WebCore", "src\FW.WebCore\FW.WebCore.csproj", "{84E6F58C-6012-4BE1-857C-883646E93056}"
EndProject
Project("{9A19103F-16F7-4668-BE54-9A1E7A4F7556}") = "FW.UintOfWork", "src\FW.UintOfWork\FW.UintOfWork.csproj", "{A0B8AE0A-D8A3-4236-8BEE-0C93735150DF}"
EndProject
Project("{9A19103F-16F7-4668-BE54-9A1E7A4F7556}") = "FW.DbContexts", "src\FW.DbContexts\FW.DbContexts.csproj", "{6D256001-0FFE-419D-BB52-2F84A1EBF258}"
EndProject
Project("{9A19103F-16F7-4668-BE54-9A1E7A4F7556}") = "FW.Component.Aop", "src\FW.Component.Aop\FW.Component.Aop.csproj", "{4A8266A7-ECDD-4A1A-86AA-ED99D78F3D2A}"
EndProject
Project("{9A19103F-16F7-4668-BE54-9A1E7A4F7556}") = "FW.Component.Jwt", "src\FW.Compoment.Jwt\FW.Component.Jwt.csproj", "{2550808D-BEAC-4711-86FA-3495C8B3B474}"
EndProject
Project("{9A19103F-16F7-4668-BE54-9A1E7A4F7556}") = "FW.Models", "src\FW.Models\FW.Models.csproj", "{0EA1A7E0-6B30-4844-BECB-DAC8D56DE37D}"
EndProject
Project("{9A19103F-16F7-4668-BE54-9A1E7A4F7556}") = "FW.Services", "src\FW.Services\FW.Services.csproj", "{F812681D-978C-48DC-A3C3-790F1052DF09}"
EndProject
Project("{9A19103F-16F7-4668-BE54-9A1E7A4F7556}") = "FW.WebApi", "src\FW.WebApi\FW.WebApi.csproj", "{A06ADC05-A8C5-468B-AD8B-6843F91BC7F2}"
EndProject
Project("{9A19103F-16F7-4668-BE54-9A1E7A4F7556}") = "CommonTests", "tests\CommonTests\CommonTests.csproj", "{14684581-876F-4A70-99BF-E9E1952B03C2}"
EndProject
Project("{9A19103F-16F7-4668-BE54-9A1E7A4F7556}") = "WebApiTests", "tests\WebApiTests\WebApiTests.csproj", "{81161370-3AAD-480B-B4F6-6705BC6A1D6F}"
EndProject
Project("{FAE04EC0-301F-11D3-BF4B-00C04F79EFBC}") = "FW.Redis", "src\FW.Redis\FW.Redis.csproj", "{CF49C9E2-F732-498F-A384-67B8706906F7}"
EndProject
Global
	GlobalSection(SolutionConfigurationPlatforms) = preSolution
		Debug|Any CPU = Debug|Any CPU
		Release|Any CPU = Release|Any CPU
	EndGlobalSection
	GlobalSection(ProjectConfigurationPlatforms) = postSolution
		{9D16B1E8-D225-47DC-9A73-08922D981D7C}.Debug|Any CPU.ActiveCfg = Debug|Any CPU
		{9D16B1E8-D225-47DC-9A73-08922D981D7C}.Debug|Any CPU.Build.0 = Debug|Any CPU
		{9D16B1E8-D225-47DC-9A73-08922D981D7C}.Release|Any CPU.ActiveCfg = Release|Any CPU
		{9D16B1E8-D225-47DC-9A73-08922D981D7C}.Release|Any CPU.Build.0 = Release|Any CPU
		{8111C2F6-B446-4F47-9EF4-EFABF9A9404B}.Debug|Any CPU.ActiveCfg = Debug|Any CPU
		{8111C2F6-B446-4F47-9EF4-EFABF9A9404B}.Debug|Any CPU.Build.0 = Debug|Any CPU
		{8111C2F6-B446-4F47-9EF4-EFABF9A9404B}.Release|Any CPU.ActiveCfg = Release|Any CPU
		{8111C2F6-B446-4F47-9EF4-EFABF9A9404B}.Release|Any CPU.Build.0 = Release|Any CPU
		{84E6F58C-6012-4BE1-857C-883646E93056}.Debug|Any CPU.ActiveCfg = Debug|Any CPU
		{84E6F58C-6012-4BE1-857C-883646E93056}.Debug|Any CPU.Build.0 = Debug|Any CPU
		{84E6F58C-6012-4BE1-857C-883646E93056}.Release|Any CPU.ActiveCfg = Release|Any CPU
		{84E6F58C-6012-4BE1-857C-883646E93056}.Release|Any CPU.Build.0 = Release|Any CPU
		{A0B8AE0A-D8A3-4236-8BEE-0C93735150DF}.Debug|Any CPU.ActiveCfg = Debug|Any CPU
		{A0B8AE0A-D8A3-4236-8BEE-0C93735150DF}.Debug|Any CPU.Build.0 = Debug|Any CPU
		{A0B8AE0A-D8A3-4236-8BEE-0C93735150DF}.Release|Any CPU.ActiveCfg = Release|Any CPU
		{A0B8AE0A-D8A3-4236-8BEE-0C93735150DF}.Release|Any CPU.Build.0 = Release|Any CPU
		{6D256001-0FFE-419D-BB52-2F84A1EBF258}.Debug|Any CPU.ActiveCfg = Debug|Any CPU
		{6D256001-0FFE-419D-BB52-2F84A1EBF258}.Debug|Any CPU.Build.0 = Debug|Any CPU
		{6D256001-0FFE-419D-BB52-2F84A1EBF258}.Release|Any CPU.ActiveCfg = Release|Any CPU
		{6D256001-0FFE-419D-BB52-2F84A1EBF258}.Release|Any CPU.Build.0 = Release|Any CPU
		{4A8266A7-ECDD-4A1A-86AA-ED99D78F3D2A}.Debug|Any CPU.ActiveCfg = Debug|Any CPU
		{4A8266A7-ECDD-4A1A-86AA-ED99D78F3D2A}.Debug|Any CPU.Build.0 = Debug|Any CPU
		{4A8266A7-ECDD-4A1A-86AA-ED99D78F3D2A}.Release|Any CPU.ActiveCfg = Release|Any CPU
		{4A8266A7-ECDD-4A1A-86AA-ED99D78F3D2A}.Release|Any CPU.Build.0 = Release|Any CPU
		{2550808D-BEAC-4711-86FA-3495C8B3B474}.Debug|Any CPU.ActiveCfg = Debug|Any CPU
		{2550808D-BEAC-4711-86FA-3495C8B3B474}.Debug|Any CPU.Build.0 = Debug|Any CPU
		{2550808D-BEAC-4711-86FA-3495C8B3B474}.Release|Any CPU.ActiveCfg = Release|Any CPU
		{2550808D-BEAC-4711-86FA-3495C8B3B474}.Release|Any CPU.Build.0 = Release|Any CPU
		{0EA1A7E0-6B30-4844-BECB-DAC8D56DE37D}.Debug|Any CPU.ActiveCfg = Debug|Any CPU
		{0EA1A7E0-6B30-4844-BECB-DAC8D56DE37D}.Debug|Any CPU.Build.0 = Debug|Any CPU
		{0EA1A7E0-6B30-4844-BECB-DAC8D56DE37D}.Release|Any CPU.ActiveCfg = Release|Any CPU
		{0EA1A7E0-6B30-4844-BECB-DAC8D56DE37D}.Release|Any CPU.Build.0 = Release|Any CPU
		{F812681D-978C-48DC-A3C3-790F1052DF09}.Debug|Any CPU.ActiveCfg = Debug|Any CPU
		{F812681D-978C-48DC-A3C3-790F1052DF09}.Debug|Any CPU.Build.0 = Debug|Any CPU
		{F812681D-978C-48DC-A3C3-790F1052DF09}.Release|Any CPU.ActiveCfg = Release|Any CPU
		{F812681D-978C-48DC-A3C3-790F1052DF09}.Release|Any CPU.Build.0 = Release|Any CPU
		{A06ADC05-A8C5-468B-AD8B-6843F91BC7F2}.Debug|Any CPU.ActiveCfg = Debug|Any CPU
		{A06ADC05-A8C5-468B-AD8B-6843F91BC7F2}.Debug|Any CPU.Build.0 = Debug|Any CPU
		{A06ADC05-A8C5-468B-AD8B-6843F91BC7F2}.Release|Any CPU.ActiveCfg = Release|Any CPU
		{A06ADC05-A8C5-468B-AD8B-6843F91BC7F2}.Release|Any CPU.Build.0 = Release|Any CPU
		{14684581-876F-4A70-99BF-E9E1952B03C2}.Debug|Any CPU.ActiveCfg = Debug|Any CPU
		{14684581-876F-4A70-99BF-E9E1952B03C2}.Debug|Any CPU.Build.0 = Debug|Any CPU
		{14684581-876F-4A70-99BF-E9E1952B03C2}.Release|Any CPU.ActiveCfg = Release|Any CPU
		{14684581-876F-4A70-99BF-E9E1952B03C2}.Release|Any CPU.Build.0 = Release|Any CPU
		{81161370-3AAD-480B-B4F6-6705BC6A1D6F}.Debug|Any CPU.ActiveCfg = Debug|Any CPU
		{81161370-3AAD-480B-B4F6-6705BC6A1D6F}.Debug|Any CPU.Build.0 = Debug|Any CPU
		{81161370-3AAD-480B-B4F6-6705BC6A1D6F}.Release|Any CPU.ActiveCfg = Release|Any CPU
		{81161370-3AAD-480B-B4F6-6705BC6A1D6F}.Release|Any CPU.Build.0 = Release|Any CPU
		{CF49C9E2-F732-498F-A384-67B8706906F7}.Debug|Any CPU.ActiveCfg = Debug|Any CPU
		{CF49C9E2-F732-498F-A384-67B8706906F7}.Debug|Any CPU.Build.0 = Debug|Any CPU
		{CF49C9E2-F732-498F-A384-67B8706906F7}.Release|Any CPU.ActiveCfg = Release|Any CPU
		{CF49C9E2-F732-498F-A384-67B8706906F7}.Release|Any CPU.Build.0 = Release|Any CPU
	EndGlobalSection
	GlobalSection(SolutionProperties) = preSolution
		HideSolutionNode = FALSE
	EndGlobalSection
	GlobalSection(NestedProjects) = preSolution
		{3051462F-46F9-4597-A6E1-DC89853ECCDD} = {0DC1055F-E3F6-4489-A2CF-C8A79CEB0A77}
		{F6B320CB-76C8-4668-97D6-FD3078528B42} = {0DC1055F-E3F6-4489-A2CF-C8A79CEB0A77}
		{D5ECDFD3-5FBF-46AC-80F9-D3AFF0BB2C9B} = {0DC1055F-E3F6-4489-A2CF-C8A79CEB0A77}
		{429CE456-BD06-400B-A002-992FABC96F6C} = {0DC1055F-E3F6-4489-A2CF-C8A79CEB0A77}
		{51F0DCD1-2245-497A-979B-62DBB0638E89} = {0DC1055F-E3F6-4489-A2CF-C8A79CEB0A77}
		{7F73EF55-C2D7-41D0-9C15-EFC4221C1809} = {0DC1055F-E3F6-4489-A2CF-C8A79CEB0A77}
		{7E67186B-3831-4B0B-94C3-B53A0F2F9A8A} = {0DC1055F-E3F6-4489-A2CF-C8A79CEB0A77}
		{9D16B1E8-D225-47DC-9A73-08922D981D7C} = {3051462F-46F9-4597-A6E1-DC89853ECCDD}
		{8111C2F6-B446-4F47-9EF4-EFABF9A9404B} = {F6B320CB-76C8-4668-97D6-FD3078528B42}
		{84E6F58C-6012-4BE1-857C-883646E93056} = {F6B320CB-76C8-4668-97D6-FD3078528B42}
		{A0B8AE0A-D8A3-4236-8BEE-0C93735150DF} = {D5ECDFD3-5FBF-46AC-80F9-D3AFF0BB2C9B}
		{6D256001-0FFE-419D-BB52-2F84A1EBF258} = {D5ECDFD3-5FBF-46AC-80F9-D3AFF0BB2C9B}
		{4A8266A7-ECDD-4A1A-86AA-ED99D78F3D2A} = {429CE456-BD06-400B-A002-992FABC96F6C}
		{2550808D-BEAC-4711-86FA-3495C8B3B474} = {429CE456-BD06-400B-A002-992FABC96F6C}
		{0EA1A7E0-6B30-4844-BECB-DAC8D56DE37D} = {51F0DCD1-2245-497A-979B-62DBB0638E89}
		{F812681D-978C-48DC-A3C3-790F1052DF09} = {7F73EF55-C2D7-41D0-9C15-EFC4221C1809}
		{A06ADC05-A8C5-468B-AD8B-6843F91BC7F2} = {7E67186B-3831-4B0B-94C3-B53A0F2F9A8A}
		{14684581-876F-4A70-99BF-E9E1952B03C2} = {27408EB5-468E-4CC0-B5BF-8FAE3A5A25FA}
		{81161370-3AAD-480B-B4F6-6705BC6A1D6F} = {27408EB5-468E-4CC0-B5BF-8FAE3A5A25FA}
		{CF49C9E2-F732-498F-A384-67B8706906F7} = {D5ECDFD3-5FBF-46AC-80F9-D3AFF0BB2C9B}
	EndGlobalSection
	GlobalSection(ExtensibilityGlobals) = postSolution
		SolutionGuid = {8E5F50CD-3881-416E-8FCD-224873BA5C9B}
	EndGlobalSection
EndGlobal
